
Microsoft Visual Studio Solution File, Format Version 12.00
# Visual Studio 15
VisualStudioVersion = 15.0.28010.2003
MinimumVisualStudioVersion = 10.0.40219.1
Project("{9A19103F-16F7-4668-BE54-9A1E7A4F7556}") = "Authenticate", "RegisterLogin\Authenticate.csproj", "{77166A66-0D3C-45CE-810A-82C298A95710}"
EndProject
Global
	GlobalSection(SolutionConfigurationPlatforms) = preSolution
		Debug|Any CPU = Debug|Any CPU
		Release|Any CPU = Release|Any CPU
	EndGlobalSection
	GlobalSection(ProjectConfigurationPlatforms) = postSolution
		{77166A66-0D3C-45CE-810A-82C298A95710}.Debug|Any CPU.ActiveCfg = Debug|Any CPU
		{77166A66-0D3C-45CE-810A-82C298A95710}.Debug|Any CPU.Build.0 = Debug|Any CPU
		{77166A66-0D3C-45CE-810A-82C298A95710}.Release|Any CPU.ActiveCfg = Release|Any CPU
		{77166A66-0D3C-45CE-810A-82C298A95710}.Release|Any CPU.Build.0 = Release|Any CPU
	EndGlobalSection
	GlobalSection(SolutionProperties) = preSolution
		HideSolutionNode = FALSE
	EndGlobalSection
	GlobalSection(ExtensibilityGlobals) = postSolution
		SolutionGuid = {CBE77DCD-59E2-406A-8D17-1928EB6F0AAF}
	EndGlobalSection
EndGlobal
